
Microsoft Visual Studio Solution File, Format Version 12.00
# Visual Studio Version 16
VisualStudioVersion = 16.0.30804.86
MinimumVisualStudioVersion = 10.0.40219.1
Project("{FAE04EC0-301F-11D3-BF4B-00C04F79EFBC}") = "Share", "src\share\Share.csproj", "{58742323-3A7F-4ED7-A333-4D599EC54544}"
EndProject
Project("{FAE04EC0-301F-11D3-BF4B-00C04F79EFBC}") = "Admin", "src\admin\Admin.csproj", "{24864ECF-66D9-4C91-9627-A6FD51F112A8}"
EndProject
Project("{FAE04EC0-301F-11D3-BF4B-00C04F79EFBC}") = "Blog", "src\blog\Blog.csproj", "{8EB80E2E-1A89-4FED-B0D7-93FF3D6D0206}"
EndProject
Global
	GlobalSection(SolutionConfigurationPlatforms) = preSolution
		Debug|Any CPU = Debug|Any CPU
		Release|Any CPU = Release|Any CPU
	EndGlobalSection
	GlobalSection(ProjectConfigurationPlatforms) = postSolution
		{58742323-3A7F-4ED7-A333-4D599EC54544}.Debug|Any CPU.ActiveCfg = Debug|Any CPU
		{58742323-3A7F-4ED7-A333-4D599EC54544}.Debug|Any CPU.Build.0 = Debug|Any CPU
		{58742323-3A7F-4ED7-A333-4D599EC54544}.Release|Any CPU.ActiveCfg = Release|Any CPU
		{58742323-3A7F-4ED7-A333-4D599EC54544}.Release|Any CPU.Build.0 = Release|Any CPU
		{24864ECF-66D9-4C91-9627-A6FD51F112A8}.Debug|Any CPU.ActiveCfg = Debug|Any CPU
		{24864ECF-66D9-4C91-9627-A6FD51F112A8}.Debug|Any CPU.Build.0 = Debug|Any CPU
		{24864ECF-66D9-4C91-9627-A6FD51F112A8}.Release|Any CPU.ActiveCfg = Release|Any CPU
		{24864ECF-66D9-4C91-9627-A6FD51F112A8}.Release|Any CPU.Build.0 = Release|Any CPU
		{8EB80E2E-1A89-4FED-B0D7-93FF3D6D0206}.Debug|Any CPU.ActiveCfg = Debug|Any CPU
		{8EB80E2E-1A89-4FED-B0D7-93FF3D6D0206}.Debug|Any CPU.Build.0 = Debug|Any CPU
		{8EB80E2E-1A89-4FED-B0D7-93FF3D6D0206}.Release|Any CPU.ActiveCfg = Release|Any CPU
		{8EB80E2E-1A89-4FED-B0D7-93FF3D6D0206}.Release|Any CPU.Build.0 = Release|Any CPU
	EndGlobalSection
	GlobalSection(SolutionProperties) = preSolution
		HideSolutionNode = FALSE
	EndGlobalSection
	GlobalSection(ExtensibilityGlobals) = postSolution
		SolutionGuid = {F7B57666-0154-4607-B085-2F5E1314E129}
	EndGlobalSection
EndGlobal
